// !$*UTF8*$!
{
	archiveVersion = 1;
	classes = {
	};
	objectVersion = 56;
	objects = {

/* Begin PBXBuildFile section */
		6C9940F1291A547400DC4B1A /* MainTableViewController.m in Sources */ = {isa = PBXBuildFile; fileRef = 6C9940F0291A547400DC4B1A /* MainTableViewController.m */; };
		6C9A520B291106F100B6541D /* AppDelegate.m in Sources */ = {isa = PBXBuildFile; fileRef = 6C9A520A291106F100B6541D /* AppDelegate.m */; };
		6C9A520E291106F100B6541D /* SceneDelegate.m in Sources */ = {isa = PBXBuildFile; fileRef = 6C9A520D291106F100B6541D /* SceneDelegate.m */; };
		6C9A5211291106F100B6541D /* ViewController.m in Sources */ = {isa = PBXBuildFile; fileRef = 6C9A5210291106F100B6541D /* ViewController.m */; };
		6C9A5214291106F100B6541D /* Main.storyboard in Resources */ = {isa = PBXBuildFile; fileRef = 6C9A5212291106F100B6541D /* Main.storyboard */; };
		6C9A5219291106F300B6541D /* Assets.xcassets in Resources */ = {isa = PBXBuildFile; fileRef = 6C9A5218291106F300B6541D /* Assets.xcassets */; };
		6C9A521C291106F300B6541D /* LaunchScreen.storyboard in Resources */ = {isa = PBXBuildFile; fileRef = 6C9A521A291106F300B6541D /* LaunchScreen.storyboard */; };
		6C9A521F291106F300B6541D /* main.m in Sources */ = {isa = PBXBuildFile; fileRef = 6C9A521E291106F300B6541D /* main.m */; };
		6C9A5229291106F400B6541D /* CloudKitDemoTests.m in Sources */ = {isa = PBXBuildFile; fileRef = 6C9A5228291106F400B6541D /* CloudKitDemoTests.m */; };
		6C9A5233291106F400B6541D /* CloudKitDemoUITests.m in Sources */ = {isa = PBXBuildFile; fileRef = 6C9A5232291106F400B6541D /* CloudKitDemoUITests.m */; };
		6C9A5235291106F400B6541D /* CloudKitDemoUITestsLaunchTests.m in Sources */ = {isa = PBXBuildFile; fileRef = 6C9A5234291106F400B6541D /* CloudKitDemoUITestsLaunchTests.m */; };
		6CD905ED292DB4300052EDAC /* DemoDocument.m in Sources */ = {isa = PBXBuildFile; fileRef = 6CD905EC292DB4300052EDAC /* DemoDocument.m */; };
		6CD905EF292DB7EF0052EDAC /* wish2.json in Resources */ = {isa = PBXBuildFile; fileRef = 6CD905EE292DB7EF0052EDAC /* wish2.json */; };
		6CF2319229279E1200D21DA8 /* KeyValueViewController.m in Sources */ = {isa = PBXBuildFile; fileRef = 6CF2319129279E1200D21DA8 /* KeyValueViewController.m */; };
		6CF2319529279E2100D21DA8 /* DocumentViewController.m in Sources */ = {isa = PBXBuildFile; fileRef = 6CF2319429279E2100D21DA8 /* DocumentViewController.m */; };
		6CF2319829279E2D00D21DA8 /* CloudKitViewController.m in Sources */ = {isa = PBXBuildFile; fileRef = 6CF2319729279E2D00D21DA8 /* CloudKitViewController.m */; };
/* End PBXBuildFile section */

/* Begin PBXContainerItemProxy section */
		6C9A5225291106F400B6541D /* PBXContainerItemProxy */ = {
			isa = PBXContainerItemProxy;
			containerPortal = 6C9A51FE291106F100B6541D /* Project object */;
			proxyType = 1;
			remoteGlobalIDString = 6C9A5205291106F100B6541D;
			remoteInfo = CloudKitDemo;
		};
		6C9A522F291106F400B6541D /* PBXContainerItemProxy */ = {
			isa = PBXContainerItemProxy;
			containerPortal = 6C9A51FE291106F100B6541D /* Project object */;
			proxyType = 1;
			remoteGlobalIDString = 6C9A5205291106F100B6541D;
			remoteInfo = CloudKitDemo;
		};
/* End PBXContainerItemProxy section */

/* Begin PBXFileReference section */
		6C9940EF291A547400DC4B1A /* MainTableViewController.h */ = {isa = PBXFileReference; lastKnownFileType = sourcecode.c.h; path = MainTableViewController.h; sourceTree = "<group>"; };
		6C9940F0291A547400DC4B1A /* MainTableViewController.m */ = {isa = PBXFileReference; lastKnownFileType = sourcecode.c.objc; path = MainTableViewController.m; sourceTree = "<group>"; };
		6C9A5206291106F100B6541D /* CloudKitDemo.app */ = {isa = PBXFileReference; explicitFileType = wrapper.application; includeInIndex = 0; path = CloudKitDemo.app; sourceTree = BUILT_PRODUCTS_DIR; };
		6C9A5209291106F100B6541D /* AppDelegate.h */ = {isa = PBXFileReference; lastKnownFileType = sourcecode.c.h; path = AppDelegate.h; sourceTree = "<group>"; };
		6C9A520A291106F100B6541D /* AppDelegate.m */ = {isa = PBXFileReference; lastKnownFileType = sourcecode.c.objc; path = AppDelegate.m; sourceTree = "<group>"; };
		6C9A520C291106F100B6541D /* SceneDelegate.h */ = {isa = PBXFileReference; lastKnownFileType = sourcecode.c.h; path = SceneDelegate.h; sourceTree = "<group>"; };
		6C9A520D291106F100B6541D /* SceneDelegate.m */ = {isa = PBXFileReference; lastKnownFileType = sourcecode.c.objc; path = SceneDelegate.m; sourceTree = "<group>"; };
		6C9A520F291106F100B6541D /* ViewController.h */ = {isa = PBXFileReference; lastKnownFileType = sourcecode.c.h; path = ViewController.h; sourceTree = "<group>"; };
		6C9A5210291106F100B6541D /* ViewController.m */ = {isa = PBXFileReference; lastKnownFileType = sourcecode.c.objc; path = ViewController.m; sourceTree = "<group>"; };
		6C9A5213291106F100B6541D /* Base */ = {isa = PBXFileReference; lastKnownFileType = file.storyboard; name = Base; path = Base.lproj/Main.storyboard; sourceTree = "<group>"; };
		6C9A5218291106F300B6541D /* Assets.xcassets */ = {isa = PBXFileReference; lastKnownFileType = folder.assetcatalog; path = Assets.xcassets; sourceTree = "<group>"; };
		6C9A521B291106F300B6541D /* Base */ = {isa = PBXFileReference; lastKnownFileType = file.storyboard; name = Base; path = Base.lproj/LaunchScreen.storyboard; sourceTree = "<group>"; };
		6C9A521D291106F300B6541D /* Info.plist */ = {isa = PBXFileReference; lastKnownFileType = text.plist.xml; path = Info.plist; sourceTree = "<group>"; };
		6C9A521E291106F300B6541D /* main.m */ = {isa = PBXFileReference; lastKnownFileType = sourcecode.c.objc; path = main.m; sourceTree = "<group>"; };
		6C9A5224291106F400B6541D /* CloudKitDemoTests.xctest */ = {isa = PBXFileReference; explicitFileType = wrapper.cfbundle; includeInIndex = 0; path = CloudKitDemoTests.xctest; sourceTree = BUILT_PRODUCTS_DIR; };
		6C9A5228291106F400B6541D /* CloudKitDemoTests.m */ = {isa = PBXFileReference; lastKnownFileType = sourcecode.c.objc; path = CloudKitDemoTests.m; sourceTree = "<group>"; };
		6C9A522E291106F400B6541D /* CloudKitDemoUITests.xctest */ = {isa = PBXFileReference; explicitFileType = wrapper.cfbundle; includeInIndex = 0; path = CloudKitDemoUITests.xctest; sourceTree = BUILT_PRODUCTS_DIR; };
		6C9A5232291106F400B6541D /* CloudKitDemoUITests.m */ = {isa = PBXFileReference; lastKnownFileType = sourcecode.c.objc; path = CloudKitDemoUITests.m; sourceTree = "<group>"; };
		6C9A5234291106F400B6541D /* CloudKitDemoUITestsLaunchTests.m */ = {isa = PBXFileReference; lastKnownFileType = sourcecode.c.objc; path = CloudKitDemoUITestsLaunchTests.m; sourceTree = "<group>"; };
		6C9A52442911090300B6541D /* CloudKitDemo.entitlements */ = {isa = PBXFileReference; lastKnownFileType = text.plist.entitlements; path = CloudKitDemo.entitlements; sourceTree = "<group>"; };
		6CD905EB292DB4300052EDAC /* DemoDocument.h */ = {isa = PBXFileReference; lastKnownFileType = sourcecode.c.h; path = DemoDocument.h; sourceTree = "<group>"; };
		6CD905EC292DB4300052EDAC /* DemoDocument.m */ = {isa = PBXFileReference; lastKnownFileType = sourcecode.c.objc; path = DemoDocument.m; sourceTree = "<group>"; };
		6CD905EE292DB7EF0052EDAC /* wish2.json */ = {isa = PBXFileReference; fileEncoding = 4; lastKnownFileType = text.json; path = wish2.json; sourceTree = "<group>"; };
		6CF2319029279E1200D21DA8 /* KeyValueViewController.h */ = {isa = PBXFileReference; lastKnownFileType = sourcecode.c.h; path = KeyValueViewController.h; sourceTree = "<group>"; };
		6CF2319129279E1200D21DA8 /* KeyValueViewController.m */ = {isa = PBXFileReference; lastKnownFileType = sourcecode.c.objc; path = KeyValueViewController.m; sourceTree = "<group>"; };
		6CF2319329279E2100D21DA8 /* DocumentViewController.h */ = {isa = PBXFileReference; lastKnownFileType = sourcecode.c.h; path = DocumentViewController.h; sourceTree = "<group>"; };
		6CF2319429279E2100D21DA8 /* DocumentViewController.m */ = {isa = PBXFileReference; lastKnownFileType = sourcecode.c.objc; path = DocumentViewController.m; sourceTree = "<group>"; };
		6CF2319629279E2D00D21DA8 /* CloudKitViewController.h */ = {isa = PBXFileReference; lastKnownFileType = sourcecode.c.h; path = CloudKitViewController.h; sourceTree = "<group>"; };
		6CF2319729279E2D00D21DA8 /* CloudKitViewController.m */ = {isa = PBXFileReference; lastKnownFileType = sourcecode.c.objc; path = CloudKitViewController.m; sourceTree = "<group>"; };
/* End PBXFileReference section */

/* Begin PBXFrameworksBuildPhase section */
		6C9A5203291106F100B6541D /* Frameworks */ = {
			isa = PBXFrameworksBuildPhase;
			buildActionMask = 2147483647;
			files = (
			);
			runOnlyForDeploymentPostprocessing = 0;
		};
		6C9A5221291106F400B6541D /* Frameworks */ = {
			isa = PBXFrameworksBuildPhase;
			buildActionMask = 2147483647;
			files = (
			);
			runOnlyForDeploymentPostprocessing = 0;
		};
		6C9A522B291106F400B6541D /* Frameworks */ = {
			isa = PBXFrameworksBuildPhase;
			buildActionMask = 2147483647;
			files = (
			);
			runOnlyForDeploymentPostprocessing = 0;
		};
/* End PBXFrameworksBuildPhase section */

/* Begin PBXGroup section */
		6C3A525C293B3CDE00B27F1C /* model */ = {
			isa = PBXGroup;
			children = (
			);
			path = model;
			sourceTree = "<group>";
		};
		6C9A51FD291106F100B6541D = {
			isa = PBXGroup;
			children = (
				6C9A5208291106F100B6541D /* CloudKitDemo */,
				6C9A5227291106F400B6541D /* CloudKitDemoTests */,
				6C9A5231291106F400B6541D /* CloudKitDemoUITests */,
				6C9A5207291106F100B6541D /* Products */,
			);
			sourceTree = "<group>";
		};
		6C9A5207291106F100B6541D /* Products */ = {
			isa = PBXGroup;
			children = (
				6C9A5206291106F100B6541D /* CloudKitDemo.app */,
				6C9A5224291106F400B6541D /* CloudKitDemoTests.xctest */,
				6C9A522E291106F400B6541D /* CloudKitDemoUITests.xctest */,
			);
			name = Products;
			sourceTree = "<group>";
		};
		6C9A5208291106F100B6541D /* CloudKitDemo */ = {
			isa = PBXGroup;
			children = (
				6C3A525C293B3CDE00B27F1C /* model */,
				6C9A52442911090300B6541D /* CloudKitDemo.entitlements */,
				6C9A5209291106F100B6541D /* AppDelegate.h */,
				6C9A520A291106F100B6541D /* AppDelegate.m */,
				6C9A520C291106F100B6541D /* SceneDelegate.h */,
				6C9A520D291106F100B6541D /* SceneDelegate.m */,
				6C9A520F291106F100B6541D /* ViewController.h */,
				6C9A5210291106F100B6541D /* ViewController.m */,
				6C9940EF291A547400DC4B1A /* MainTableViewController.h */,
				6C9940F0291A547400DC4B1A /* MainTableViewController.m */,
				6CF2319029279E1200D21DA8 /* KeyValueViewController.h */,
				6CF2319129279E1200D21DA8 /* KeyValueViewController.m */,
				6CF2319329279E2100D21DA8 /* DocumentViewController.h */,
				6CF2319429279E2100D21DA8 /* DocumentViewController.m */,
				6CD905EB292DB4300052EDAC /* DemoDocument.h */,
				6CD905EC292DB4300052EDAC /* DemoDocument.m */,
				6CF2319629279E2D00D21DA8 /* CloudKitViewController.h */,
				6CF2319729279E2D00D21DA8 /* CloudKitViewController.m */,
				6CD905EE292DB7EF0052EDAC /* wish2.json */,
				6C9A5212291106F100B6541D /* Main.storyboard */,
				6C9A5218291106F300B6541D /* Assets.xcassets */,
				6C9A521A291106F300B6541D /* LaunchScreen.storyboard */,
				6C9A521D291106F300B6541D /* Info.plist */,
				6C9A521E291106F300B6541D /* main.m */,
			);
			path = CloudKitDemo;
			sourceTree = "<group>";
		};
		6C9A5227291106F400B6541D /* CloudKitDemoTests */ = {
			isa = PBXGroup;
			children = (
				6C9A5228291106F400B6541D /* CloudKitDemoTests.m */,
			);
			path = CloudKitDemoTests;
			sourceTree = "<group>";
		};
		6C9A5231291106F400B6541D /* CloudKitDemoUITests */ = {
			isa = PBXGroup;
			children = (
				6C9A5232291106F400B6541D /* CloudKitDemoUITests.m */,
				6C9A5234291106F400B6541D /* CloudKitDemoUITestsLaunchTests.m */,
			);
			path = CloudKitDemoUITests;
			sourceTree = "<group>";
		};
/* End PBXGroup section */

/* Begin PBXNativeTarget section */
		6C9A5205291106F100B6541D /* CloudKitDemo */ = {
			isa = PBXNativeTarget;
			buildConfigurationList = 6C9A5238291106F400B6541D /* Build configuration list for PBXNativeTarget "CloudKitDemo" */;
			buildPhases = (
				6C9A5202291106F100B6541D /* Sources */,
				6C9A5203291106F100B6541D /* Frameworks */,
				6C9A5204291106F100B6541D /* Resources */,
			);
			buildRules = (
			);
			dependencies = (
			);
			name = CloudKitDemo;
			productName = CloudKitDemo;
			productReference = 6C9A5206291106F100B6541D /* CloudKitDemo.app */;
			productType = "com.apple.product-type.application";
		};
		6C9A5223291106F400B6541D /* CloudKitDemoTests */ = {
			isa = PBXNativeTarget;
			buildConfigurationList = 6C9A523B291106F400B6541D /* Build configuration list for PBXNativeTarget "CloudKitDemoTests" */;
			buildPhases = (
				6C9A5220291106F400B6541D /* Sources */,
				6C9A5221291106F400B6541D /* Frameworks */,
				6C9A5222291106F400B6541D /* Resources */,
			);
			buildRules = (
			);
			dependencies = (
				6C9A5226291106F400B6541D /* PBXTargetDependency */,
			);
			name = CloudKitDemoTests;
			productName = CloudKitDemoTests;
			productReference = 6C9A5224291106F400B6541D /* CloudKitDemoTests.xctest */;
			productType = "com.apple.product-type.bundle.unit-test";
		};
		6C9A522D291106F400B6541D /* CloudKitDemoUITests */ = {
			isa = PBXNativeTarget;
			buildConfigurationList = 6C9A523E291106F400B6541D /* Build configuration list for PBXNativeTarget "CloudKitDemoUITests" */;
			buildPhases = (
				6C9A522A291106F400B6541D /* Sources */,
				6C9A522B291106F400B6541D /* Frameworks */,
				6C9A522C291106F400B6541D /* Resources */,
			);
			buildRules = (
			);
			dependencies = (
				6C9A5230291106F400B6541D /* PBXTargetDependency */,
			);
			name = CloudKitDemoUITests;
			productName = CloudKitDemoUITests;
			productReference = 6C9A522E291106F400B6541D /* CloudKitDemoUITests.xctest */;
			productType = "com.apple.product-type.bundle.ui-testing";
		};
/* End PBXNativeTarget section */

/* Begin PBXProject section */
		6C9A51FE291106F100B6541D /* Project object */ = {
			isa = PBXProject;
			attributes = {
				BuildIndependentTargetsInParallel = 1;
				LastUpgradeCheck = 1400;
				TargetAttributes = {
					6C9A5205291106F100B6541D = {
						CreatedOnToolsVersion = 14.0.1;
					};
					6C9A5223291106F400B6541D = {
						CreatedOnToolsVersion = 14.0.1;
						TestTargetID = 6C9A5205291106F100B6541D;
					};
					6C9A522D291106F400B6541D = {
						CreatedOnToolsVersion = 14.0.1;
						TestTargetID = 6C9A5205291106F100B6541D;
					};
				};
			};
			buildConfigurationList = 6C9A5201291106F100B6541D /* Build configuration list for PBXProject "CloudKitDemo" */;
			compatibilityVersion = "Xcode 14.0";
			developmentRegion = en;
			hasScannedForEncodings = 0;
			knownRegions = (
				en,
				Base,
			);
			mainGroup = 6C9A51FD291106F100B6541D;
			productRefGroup = 6C9A5207291106F100B6541D /* Products */;
			projectDirPath = "";
			projectRoot = "";
			targets = (
				6C9A5205291106F100B6541D /* CloudKitDemo */,
				6C9A5223291106F400B6541D /* CloudKitDemoTests */,
				6C9A522D291106F400B6541D /* CloudKitDemoUITests */,
			);
		};
/* End PBXProject section */

/* Begin PBXResourcesBuildPhase section */
		6C9A5204291106F100B6541D /* Resources */ = {
			isa = PBXResourcesBuildPhase;
			buildActionMask = 2147483647;
			files = (
				6C9A521C291106F300B6541D /* LaunchScreen.storyboard in Resources */,
				6C9A5219291106F300B6541D /* Assets.xcassets in Resources */,
				6C9A5214291106F100B6541D /* Main.storyboard in Resources */,
				6CD905EF292DB7EF0052EDAC /* wish2.json in Resources */,
			);
			runOnlyForDeploymentPostprocessing = 0;
		};
		6C9A5222291106F400B6541D /* Resources */ = {
			isa = PBXResourcesBuildPhase;
			buildActionMask = 2147483647;
			files = (
			);
			runOnlyForDeploymentPostprocessing = 0;
		};
		6C9A522C291106F400B6541D /* Resources */ = {
			isa = PBXResourcesBuildPhase;
			buildActionMask = 2147483647;
			files = (
			);
			runOnlyForDeploymentPostprocessing = 0;
		};
/* End PBXResourcesBuildPhase section */

/* Begin PBXSourcesBuildPhase section */
		6C9A5202291106F100B6541D /* Sources */ = {
			isa = PBXSourcesBuildPhase;
			buildActionMask = 2147483647;
			files = (
				6CF2319229279E1200D21DA8 /* KeyValueViewController.m in Sources */,
				6CD905ED292DB4300052EDAC /* DemoDocument.m in Sources */,
				6C9A521F291106F300B6541D /* main.m in Sources */,
				6CF2319829279E2D00D21DA8 /* CloudKitViewController.m in Sources */,
				6C9940F1291A547400DC4B1A /* MainTableViewController.m in Sources */,
				6CF2319529279E2100D21DA8 /* DocumentViewController.m in Sources */,
				6C9A5211291106F100B6541D /* ViewController.m in Sources */,
				6C9A520B291106F100B6541D /* AppDelegate.m in Sources */,
				6C9A520E291106F100B6541D /* SceneDelegate.m in Sources */,
			);
			runOnlyForDeploymentPostprocessing = 0;
		};
		6C9A5220291106F400B6541D /* Sources */ = {
			isa = PBXSourcesBuildPhase;
			buildActionMask = 2147483647;
			files = (
				6C9A5229291106F400B6541D /* CloudKitDemoTests.m in Sources */,
			);
			runOnlyForDeploymentPostprocessing = 0;
		};
		6C9A522A291106F400B6541D /* Sources */ = {
			isa = PBXSourcesBuildPhase;
			buildActionMask = 2147483647;
			files = (
				6C9A5235291106F400B6541D /* CloudKitDemoUITestsLaunchTests.m in Sources */,
				6C9A5233291106F400B6541D /* CloudKitDemoUITests.m in Sources */,
			);
			runOnlyForDeploymentPostprocessing = 0;
		};
/* End PBXSourcesBuildPhase section */

/* Begin PBXTargetDependency section */
		6C9A5226291106F400B6541D /* PBXTargetDependency */ = {
			isa = PBXTargetDependency;
			target = 6C9A5205291106F100B6541D /* CloudKitDemo */;
			targetProxy = 6C9A5225291106F400B6541D /* PBXContainerItemProxy */;
		};
		6C9A5230291106F400B6541D /* PBXTargetDependency */ = {
			isa = PBXTargetDependency;
			target = 6C9A5205291106F100B6541D /* CloudKitDemo */;
			targetProxy = 6C9A522F291106F400B6541D /* PBXContainerItemProxy */;
		};
/* End PBXTargetDependency section */

/* Begin PBXVariantGroup section */
		6C9A5212291106F100B6541D /* Main.storyboard */ = {
			isa = PBXVariantGroup;
			children = (
				6C9A5213291106F100B6541D /* Base */,
			);
			name = Main.storyboard;
			sourceTree = "<group>";
		};
		6C9A521A291106F300B6541D /* LaunchScreen.storyboard */ = {
			isa = PBXVariantGroup;
			children = (
				6C9A521B291106F300B6541D /* Base */,
			);
			name = LaunchScreen.storyboard;
			sourceTree = "<group>";
		};
/* End PBXVariantGroup section */

/* Begin XCBuildConfiguration section */
		6C9A5236291106F400B6541D /* Debug */ = {
			isa = XCBuildConfiguration;
			buildSettings = {
				ALWAYS_SEARCH_USER_PATHS = NO;
				CLANG_ANALYZER_NONNULL = YES;
				CLANG_ANALYZER_NUMBER_OBJECT_CONVERSION = YES_AGGRESSIVE;
				CLANG_CXX_LANGUAGE_STANDARD = "gnu++20";
				CLANG_ENABLE_MODULES = YES;
				CLANG_ENABLE_OBJC_ARC = YES;
				CLANG_ENABLE_OBJC_WEAK = YES;
				CLANG_WARN_BLOCK_CAPTURE_AUTORELEASING = YES;
				CLANG_WARN_BOOL_CONVERSION = YES;
				CLANG_WARN_COMMA = YES;
				CLANG_WARN_CONSTANT_CONVERSION = YES;
				CLANG_WARN_DEPRECATED_OBJC_IMPLEMENTATIONS = YES;
				CLANG_WARN_DIRECT_OBJC_ISA_USAGE = YES_ERROR;
				CLANG_WARN_DOCUMENTATION_COMMENTS = YES;
				CLANG_WARN_EMPTY_BODY = YES;
				CLANG_WARN_ENUM_CONVERSION = YES;
				CLANG_WARN_INFINITE_RECURSION = YES;
				CLANG_WARN_INT_CONVERSION = YES;
				CLANG_WARN_NON_LITERAL_NULL_CONVERSION = YES;
				CLANG_WARN_OBJC_IMPLICIT_RETAIN_SELF = YES;
				CLANG_WARN_OBJC_LITERAL_CONVERSION = YES;
				CLANG_WARN_OBJC_ROOT_CLASS = YES_ERROR;
				CLANG_WARN_QUOTED_INCLUDE_IN_FRAMEWORK_HEADER = YES;
				CLANG_WARN_RANGE_LOOP_ANALYSIS = YES;
				CLANG_WARN_STRICT_PROTOTYPES = YES;
				CLANG_WARN_SUSPICIOUS_MOVE = YES;
				CLANG_WARN_UNGUARDED_AVAILABILITY = YES_AGGRESSIVE;
				CLANG_WARN_UNREACHABLE_CODE = YES;
				CLANG_WARN__DUPLICATE_METHOD_MATCH = YES;
				COPY_PHASE_STRIP = NO;
				DEBUG_INFORMATION_FORMAT = dwarf;
				ENABLE_STRICT_OBJC_MSGSEND = YES;
				ENABLE_TESTABILITY = YES;
				GCC_C_LANGUAGE_STANDARD = gnu11;
				GCC_DYNAMIC_NO_PIC = NO;
				GCC_NO_COMMON_BLOCKS = YES;
				GCC_OPTIMIZATION_LEVEL = 0;
				GCC_PREPROCESSOR_DEFINITIONS = (
					"DEBUG=1",
					"$(inherited)",
				);
				GCC_WARN_64_TO_32_BIT_CONVERSION = YES;
				GCC_WARN_ABOUT_RETURN_TYPE = YES_ERROR;
				GCC_WARN_UNDECLARED_SELECTOR = YES;
				GCC_WARN_UNINITIALIZED_AUTOS = YES_AGGRESSIVE;
				GCC_WARN_UNUSED_FUNCTION = YES;
				GCC_WARN_UNUSED_VARIABLE = YES;
				IPHONEOS_DEPLOYMENT_TARGET = 16.0;
				MTL_ENABLE_DEBUG_INFO = INCLUDE_SOURCE;
				MTL_FAST_MATH = YES;
				ONLY_ACTIVE_ARCH = YES;
				SDKROOT = iphoneos;
			};
			name = Debug;
		};
		6C9A5237291106F400B6541D /* Release */ = {
			isa = XCBuildConfiguration;
			buildSettings = {
				ALWAYS_SEARCH_USER_PATHS = NO;
				CLANG_ANALYZER_NONNULL = YES;
				CLANG_ANALYZER_NUMBER_OBJECT_CONVERSION = YES_AGGRESSIVE;
				CLANG_CXX_LANGUAGE_STANDARD = "gnu++20";
				CLANG_ENABLE_MODULES = YES;
				CLANG_ENABLE_OBJC_ARC = YES;
				CLANG_ENABLE_OBJC_WEAK = YES;
				CLANG_WARN_BLOCK_CAPTURE_AUTORELEASING = YES;
				CLANG_WARN_BOOL_CONVERSION = YES;
				CLANG_WARN_COMMA = YES;
				CLANG_WARN_CONSTANT_CONVERSION = YES;
				CLANG_WARN_DEPRECATED_OBJC_IMPLEMENTATIONS = YES;
				CLANG_WARN_DIRECT_OBJC_ISA_USAGE = YES_ERROR;
				CLANG_WARN_DOCUMENTATION_COMMENTS = YES;
				CLANG_WARN_EMPTY_BODY = YES;
				CLANG_WARN_ENUM_CONVERSION = YES;
				CLANG_WARN_INFINITE_RECURSION = YES;
				CLANG_WARN_INT_CONVERSION = YES;
				CLANG_WARN_NON_LITERAL_NULL_CONVERSION = YES;
				CLANG_WARN_OBJC_IMPLICIT_RETAIN_SELF = YES;
				CLANG_WARN_OBJC_LITERAL_CONVERSION = YES;
				CLANG_WARN_OBJC_ROOT_CLASS = YES_ERROR;
				CLANG_WARN_QUOTED_INCLUDE_IN_FRAMEWORK_HEADER = YES;
				CLANG_WARN_RANGE_LOOP_ANALYSIS = YES;
				CLANG_WARN_STRICT_PROTOTYPES = YES;
				CLANG_WARN_SUSPICIOUS_MOVE = YES;
				CLANG_WARN_UNGUARDED_AVAILABILITY = YES_AGGRESSIVE;
				CLANG_WARN_UNREACHABLE_CODE = YES;
				CLANG_WARN__DUPLICATE_METHOD_MATCH = YES;
				COPY_PHASE_STRIP = NO;
				DEBUG_INFORMATION_FORMAT = "dwarf-with-dsym";
				ENABLE_NS_ASSERTIONS = NO;
				ENABLE_STRICT_OBJC_MSGSEND = YES;
				GCC_C_LANGUAGE_STANDARD = gnu11;
				GCC_NO_COMMON_BLOCKS = YES;
				GCC_WARN_64_TO_32_BIT_CONVERSION = YES;
				GCC_WARN_ABOUT_RETURN_TYPE = YES_ERROR;
				GCC_WARN_UNDECLARED_SELECTOR = YES;
				GCC_WARN_UNINITIALIZED_AUTOS = YES_AGGRESSIVE;
				GCC_WARN_UNUSED_FUNCTION = YES;
				GCC_WARN_UNUSED_VARIABLE = YES;
				IPHONEOS_DEPLOYMENT_TARGET = 16.0;
				MTL_ENABLE_DEBUG_INFO = NO;
				MTL_FAST_MATH = YES;
				SDKROOT = iphoneos;
				VALIDATE_PRODUCT = YES;
			};
			name = Release;
		};
		6C9A5239291106F400B6541D /* Debug */ = {
			isa = XCBuildConfiguration;
			buildSettings = {
				ASSETCATALOG_COMPILER_APPICON_NAME = AppIcon;
				ASSETCATALOG_COMPILER_GLOBAL_ACCENT_COLOR_NAME = AccentColor;
				CODE_SIGN_ENTITLEMENTS = CloudKitDemo/CloudKitDemo.entitlements;
				CODE_SIGN_STYLE = Automatic;
				CURRENT_PROJECT_VERSION = 1;
				DEVELOPMENT_TEAM = Q494Q8N6JY;
				GENERATE_INFOPLIST_FILE = YES;
				INFOPLIST_FILE = CloudKitDemo/Info.plist;
				INFOPLIST_KEY_UIApplicationSupportsIndirectInputEvents = YES;
				INFOPLIST_KEY_UILaunchStoryboardName = LaunchScreen;
				INFOPLIST_KEY_UIMainStoryboardFile = Main;
				INFOPLIST_KEY_UISupportedInterfaceOrientations_iPad = "UIInterfaceOrientationPortrait UIInterfaceOrientationPortraitUpsideDown UIInterfaceOrientationLandscapeLeft UIInterfaceOrientationLandscapeRight";
				INFOPLIST_KEY_UISupportedInterfaceOrientations_iPhone = "UIInterfaceOrientationPortrait UIInterfaceOrientationLandscapeLeft UIInterfaceOrientationLandscapeRight";
				IPHONEOS_DEPLOYMENT_TARGET = 13.0;
				LD_RUNPATH_SEARCH_PATHS = (
					"$(inherited)",
					"@executable_path/Frameworks",
				);
				MARKETING_VERSION = 1.0;
				PRODUCT_BUNDLE_IDENTIFIER = com.xiaodev.CloudKitDemo;
				PRODUCT_NAME = "$(TARGET_NAME)";
				SWIFT_EMIT_LOC_STRINGS = YES;
				TARGETED_DEVICE_FAMILY = "1,2";
			};
			name = Debug;
		};
		6C9A523A291106F400B6541D /* Release */ = {
			isa = XCBuildConfiguration;
			buildSettings = {
				ASSETCATALOG_COMPILER_APPICON_NAME = AppIcon;
				ASSETCATALOG_COMPILER_GLOBAL_ACCENT_COLOR_NAME = AccentColor;
				CODE_SIGN_ENTITLEMENTS = CloudKitDemo/CloudKitDemo.entitlements;
				CODE_SIGN_STYLE = Automatic;
				CURRENT_PROJECT_VERSION = 1;
				DEVELOPMENT_TEAM = Q494Q8N6JY;
				GENERATE_INFOPLIST_FILE = YES;
				INFOPLIST_FILE = CloudKitDemo/Info.plist;
				INFOPLIST_KEY_UIApplicationSupportsIndirectInputEvents = YES;
				INFOPLIST_KEY_UILaunchStoryboardName = LaunchScreen;
				INFOPLIST_KEY_UIMainStoryboardFile = Main;
				INFOPLIST_KEY_UISupportedInterfaceOrientations_iPad = "UIInterfaceOrientationPortrait UIInterfaceOrientationPortraitUpsideDown UIInterfaceOrientationLandscapeLeft UIInterfaceOrientationLandscapeRight";
				INFOPLIST_KEY_UISupportedInterfaceOrientations_iPhone = "UIInterfaceOrientationPortrait UIInterfaceOrientationLandscapeLeft UIInterfaceOrientationLandscapeRight";
				IPHONEOS_DEPLOYMENT_TARGET = 13.0;
				LD_RUNPATH_SEARCH_PATHS = (
					"$(inherited)",
					"@executable_path/Frameworks",
				);
				MARKETING_VERSION = 1.0;
				PRODUCT_BUNDLE_IDENTIFIER = com.xiaodev.CloudKitDemo;
				PRODUCT_NAME = "$(TARGET_NAME)";
				SWIFT_EMIT_LOC_STRINGS = YES;
				TARGETED_DEVICE_FAMILY = "1,2";
			};
			name = Release;
		};
		6C9A523C291106F400B6541D /* Debug */ = {
			isa = XCBuildConfiguration;
			buildSettings = {
				BUNDLE_LOADER = "$(TEST_HOST)";
				CODE_SIGN_STYLE = Automatic;
				CURRENT_PROJECT_VERSION = 1;
				DEVELOPMENT_TEAM = Q494Q8N6JY;
				GENERATE_INFOPLIST_FILE = YES;
				IPHONEOS_DEPLOYMENT_TARGET = 16.0;
				MARKETING_VERSION = 1.0;
				PRODUCT_BUNDLE_IDENTIFIER = com.xiaodev.CloudKitDemoTests;
				PRODUCT_NAME = "$(TARGET_NAME)";
				SWIFT_EMIT_LOC_STRINGS = NO;
				TARGETED_DEVICE_FAMILY = "1,2";
				TEST_HOST = "$(BUILT_PRODUCTS_DIR)/CloudKitDemo.app/$(BUNDLE_EXECUTABLE_FOLDER_PATH)/CloudKitDemo";
			};
			name = Debug;
		};
		6C9A523D291106F400B6541D /* Release */ = {
			isa = XCBuildConfiguration;
			buildSettings = {
				BUNDLE_LOADER = "$(TEST_HOST)";
				CODE_SIGN_STYLE = Automatic;
				CURRENT_PROJECT_VERSION = 1;
				DEVELOPMENT_TEAM = Q494Q8N6JY;
				GENERATE_INFOPLIST_FILE = YES;
				IPHONEOS_DEPLOYMENT_TARGET = 16.0;
				MARKETING_VERSION = 1.0;
				PRODUCT_BUNDLE_IDENTIFIER = com.xiaodev.CloudKitDemoTests;
				PRODUCT_NAME = "$(TARGET_NAME)";
				SWIFT_EMIT_LOC_STRINGS = NO;
				TARGETED_DEVICE_FAMILY = "1,2";
				TEST_HOST = "$(BUILT_PRODUCTS_DIR)/CloudKitDemo.app/$(BUNDLE_EXECUTABLE_FOLDER_PATH)/CloudKitDemo";
			};
			name = Release;
		};
		6C9A523F291106F400B6541D /* Debug */ = {
			isa = XCBuildConfiguration;
			buildSettings = {
				CODE_SIGN_STYLE = Automatic;
				CURRENT_PROJECT_VERSION = 1;
				DEVELOPMENT_TEAM = Q494Q8N6JY;
				GENERATE_INFOPLIST_FILE = YES;
				MARKETING_VERSION = 1.0;
				PRODUCT_BUNDLE_IDENTIFIER = com.xiaodev.CloudKitDemoUITests;
				PRODUCT_NAME = "$(TARGET_NAME)";
				SWIFT_EMIT_LOC_STRINGS = NO;
				TARGETED_DEVICE_FAMILY = "1,2";
				TEST_TARGET_NAME = CloudKitDemo;
			};
			name = Debug;
		};
		6C9A5240291106F400B6541D /* Release */ = {
			isa = XCBuildConfiguration;
			buildSettings = {
				CODE_SIGN_STYLE = Automatic;
				CURRENT_PROJECT_VERSION = 1;
				DEVELOPMENT_TEAM = Q494Q8N6JY;
				GENERATE_INFOPLIST_FILE = YES;
				MARKETING_VERSION = 1.0;
				PRODUCT_BUNDLE_IDENTIFIER = com.xiaodev.CloudKitDemoUITests;
				PRODUCT_NAME = "$(TARGET_NAME)";
				SWIFT_EMIT_LOC_STRINGS = NO;
				TARGETED_DEVICE_FAMILY = "1,2";
				TEST_TARGET_NAME = CloudKitDemo;
			};
			name = Release;
		};
/* End XCBuildConfiguration section */

/* Begin XCConfigurationList section */
		6C9A5201291106F100B6541D /* Build configuration list for PBXProject "CloudKitDemo" */ = {
			isa = XCConfigurationList;
			buildConfigurations = (
				6C9A5236291106F400B6541D /* Debug */,
				6C9A5237291106F400B6541D /* Release */,
			);
			defaultConfigurationIsVisible = 0;
			defaultConfigurationName = Release;
		};
		6C9A5238291106F400B6541D /* Build configuration list for PBXNativeTarget "CloudKitDemo" */ = {
			isa = XCConfigurationList;
			buildConfigurations = (
				6C9A5239291106F400B6541D /* Debug */,
				6C9A523A291106F400B6541D /* Release */,
			);
			defaultConfigurationIsVisible = 0;
			defaultConfigurationName = Release;
		};
		6C9A523B291106F400B6541D /* Build configuration list for PBXNativeTarget "CloudKitDemoTests" */ = {
			isa = XCConfigurationList;
			buildConfigurations = (
				6C9A523C291106F400B6541D /* Debug */,
				6C9A523D291106F400B6541D /* Release */,
			);
			defaultConfigurationIsVisible = 0;
			defaultConfigurationName = Release;
		};
		6C9A523E291106F400B6541D /* Build configuration list for PBXNativeTarget "CloudKitDemoUITests" */ = {
			isa = XCConfigurationList;
			buildConfigurations = (
				6C9A523F291106F400B6541D /* Debug */,
				6C9A5240291106F400B6541D /* Release */,
			);
			defaultConfigurationIsVisible = 0;
			defaultConfigurationName = Release;
		};
/* End XCConfigurationList section */
	};
	rootObject = 6C9A51FE291106F100B6541D /* Project object */;
}
